
Microsoft Visual Studio Solution File, Format Version 12.00
# Visual Studio Version 16
VisualStudioVersion = 16.0.29613.14
MinimumVisualStudioVersion = 10.0.40219.1
Project("{FAE04EC0-301F-11D3-BF4B-00C04F79EFBC}") = "Checkers 2.0", "Checkers 2.0\Checkers 2.0.csproj", "{EF8F8EAC-A12D-4ED5-9011-47C6DD3A035E}"
EndProject
Global
	GlobalSection(SolutionConfigurationPlatforms) = preSolution
		Debug|Any CPU = Debug|Any CPU
		Release|Any CPU = Release|Any CPU
	EndGlobalSection
	GlobalSection(ProjectConfigurationPlatforms) = postSolution
		{EF8F8EAC-A12D-4ED5-9011-47C6DD3A035E}.Debug|Any CPU.ActiveCfg = Debug|Any CPU
		{EF8F8EAC-A12D-4ED5-9011-47C6DD3A035E}.Debug|Any CPU.Build.0 = Debug|Any CPU
		{EF8F8EAC-A12D-4ED5-9011-47C6DD3A035E}.Release|Any CPU.ActiveCfg = Release|Any CPU
		{EF8F8EAC-A12D-4ED5-9011-47C6DD3A035E}.Release|Any CPU.Build.0 = Release|Any CPU
	EndGlobalSection
	GlobalSection(SolutionProperties) = preSolution
		HideSolutionNode = FALSE
	EndGlobalSection
	GlobalSection(ExtensibilityGlobals) = postSolution
		SolutionGuid = {94B8406F-6F9A-4654-99CB-73D8ED958516}
	EndGlobalSection
EndGlobal
